
Microsoft Visual Studio Solution File, Format Version 12.00
# Visual Studio 15
VisualStudioVersion = 15.0.28010.2050
MinimumVisualStudioVersion = 10.0.40219.1
Project("{9A19103F-16F7-4668-BE54-9A1E7A4F7556}") = "Shared", "Shared\Shared.csproj", "{423D916D-DEB6-4AAA-97D0-ACB1590FCDA8}"
EndProject
Project("{FAE04EC0-301F-11D3-BF4B-00C04F79EFBC}") = "Mobile.iOS", "Mobile\Mobile.iOS\Mobile.iOS.csproj", "{4A491C76-E4FD-4346-A898-520D32CAFAF6}"
EndProject
Project("{FAE04EC0-301F-11D3-BF4B-00C04F79EFBC}") = "Mobile.UWP", "Mobile\Mobile.UWP\Mobile.UWP.csproj", "{69AA8F77-46F3-41F5-8800-17D2E91B0845}"
EndProject
Project("{9A19103F-16F7-4668-BE54-9A1E7A4F7556}") = "Mobile", "Mobile\Mobile\Mobile.csproj", "{3B781DD2-9761-44C6-AAD9-9834A4CA0F02}"
EndProject
Project("{FAE04EC0-301F-11D3-BF4B-00C04F79EFBC}") = "Phone.Android", "Phone\Phone.Android\Phone.Android.csproj", "{F6E28199-DAA8-49E0-8194-1909C647F935}"
EndProject
Project("{FAE04EC0-301F-11D3-BF4B-00C04F79EFBC}") = "Phone.iOS", "Phone\Phone.iOS\Phone.iOS.csproj", "{A4FAD5A8-D135-4733-916E-EB9C0FBE8298}"
EndProject
Project("{FAE04EC0-301F-11D3-BF4B-00C04F79EFBC}") = "Phone.UWP", "Phone\Phone.UWP\Phone.UWP.csproj", "{7162C937-715B-417B-A2F9-FDF56C96DF21}"
EndProject
Project("{D954291E-2A0B-460D-934E-DC6B0785DB48}") = "Phone", "Phone\Phone\Phone.shproj", "{FC593A4D-EEB5-47AE-B5CB-97F168CD6369}"
EndProject
Project("{FAE04EC0-301F-11D3-BF4B-00C04F79EFBC}") = "All", "All\All.csproj", "{C874C267-1A90-48D6-AAE9-9490EB4B0F0C}"
EndProject
Project("{FAE04EC0-301F-11D3-BF4B-00C04F79EFBC}") = "UWP", "UWP\UWP.csproj", "{82E8C8D3-D2AD-4321-8419-D2560A193876}"
EndProject
Global
	GlobalSection(SharedMSBuildProjectFiles) = preSolution
		Phone\Phone\Phone.projitems*{7162c937-715b-417b-a2f9-fdf56c96df21}*SharedItemsImports = 4
		Phone\Phone\Phone.projitems*{a4fad5a8-d135-4733-916e-eb9c0fbe8298}*SharedItemsImports = 4
		Phone\Phone\Phone.projitems*{f6e28199-daa8-49e0-8194-1909c647f935}*SharedItemsImports = 4
		Phone\Phone\Phone.projitems*{fc593a4d-eeb5-47ae-b5cb-97f168cd6369}*SharedItemsImports = 13
	EndGlobalSection
	GlobalSection(SolutionConfigurationPlatforms) = preSolution
		Ad-Hoc|Any CPU = Ad-Hoc|Any CPU
		Ad-Hoc|ARM = Ad-Hoc|ARM
		Ad-Hoc|iPhone = Ad-Hoc|iPhone
		Ad-Hoc|iPhoneSimulator = Ad-Hoc|iPhoneSimulator
		Ad-Hoc|x64 = Ad-Hoc|x64
		Ad-Hoc|x86 = Ad-Hoc|x86
		AppStore|Any CPU = AppStore|Any CPU
		AppStore|ARM = AppStore|ARM
		AppStore|iPhone = AppStore|iPhone
		AppStore|iPhoneSimulator = AppStore|iPhoneSimulator
		AppStore|x64 = AppStore|x64
		AppStore|x86 = AppStore|x86
		Debug|Any CPU = Debug|Any CPU
		Debug|ARM = Debug|ARM
		Debug|iPhone = Debug|iPhone
		Debug|iPhoneSimulator = Debug|iPhoneSimulator
		Debug|x64 = Debug|x64
		Debug|x86 = Debug|x86
		Release|Any CPU = Release|Any CPU
		Release|ARM = Release|ARM
		Release|iPhone = Release|iPhone
		Release|iPhoneSimulator = Release|iPhoneSimulator
		Release|x64 = Release|x64
		Release|x86 = Release|x86
	EndGlobalSection
	GlobalSection(ProjectConfigurationPlatforms) = postSolution
		{423D916D-DEB6-4AAA-97D0-ACB1590FCDA8}.Ad-Hoc|Any CPU.ActiveCfg = Release|Any CPU
		{423D916D-DEB6-4AAA-97D0-ACB1590FCDA8}.Ad-Hoc|Any CPU.Build.0 = Release|Any CPU
		{423D916D-DEB6-4AAA-97D0-ACB1590FCDA8}.Ad-Hoc|ARM.ActiveCfg = Release|Any CPU
		{423D916D-DEB6-4AAA-97D0-ACB1590FCDA8}.Ad-Hoc|ARM.Build.0 = Release|Any CPU
		{423D916D-DEB6-4AAA-97D0-ACB1590FCDA8}.Ad-Hoc|iPhone.ActiveCfg = Release|Any CPU
		{423D916D-DEB6-4AAA-97D0-ACB1590FCDA8}.Ad-Hoc|iPhone.Build.0 = Release|Any CPU
		{423D916D-DEB6-4AAA-97D0-ACB1590FCDA8}.Ad-Hoc|iPhoneSimulator.ActiveCfg = Release|Any CPU
		{423D916D-DEB6-4AAA-97D0-ACB1590FCDA8}.Ad-Hoc|iPhoneSimulator.Build.0 = Release|Any CPU
		{423D916D-DEB6-4AAA-97D0-ACB1590FCDA8}.Ad-Hoc|x64.ActiveCfg = Release|Any CPU
		{423D916D-DEB6-4AAA-97D0-ACB1590FCDA8}.Ad-Hoc|x64.Build.0 = Release|Any CPU
		{423D916D-DEB6-4AAA-97D0-ACB1590FCDA8}.Ad-Hoc|x86.ActiveCfg = Release|Any CPU
		{423D916D-DEB6-4AAA-97D0-ACB1590FCDA8}.Ad-Hoc|x86.Build.0 = Release|Any CPU
		{423D916D-DEB6-4AAA-97D0-ACB1590FCDA8}.AppStore|Any CPU.ActiveCfg = Release|Any CPU
		{423D916D-DEB6-4AAA-97D0-ACB1590FCDA8}.AppStore|Any CPU.Build.0 = Release|Any CPU
		{423D916D-DEB6-4AAA-97D0-ACB1590FCDA8}.AppStore|ARM.ActiveCfg = Release|Any CPU
		{423D916D-DEB6-4AAA-97D0-ACB1590FCDA8}.AppStore|ARM.Build.0 = Release|Any CPU
		{423D916D-DEB6-4AAA-97D0-ACB1590FCDA8}.AppStore|iPhone.ActiveCfg = Release|Any CPU
		{423D916D-DEB6-4AAA-97D0-ACB1590FCDA8}.AppStore|iPhone.Build.0 = Release|Any CPU
		{423D916D-DEB6-4AAA-97D0-ACB1590FCDA8}.AppStore|iPhoneSimulator.ActiveCfg = Release|Any CPU
		{423D916D-DEB6-4AAA-97D0-ACB1590FCDA8}.AppStore|iPhoneSimulator.Build.0 = Release|Any CPU
		{423D916D-DEB6-4AAA-97D0-ACB1590FCDA8}.AppStore|x64.ActiveCfg = Release|Any CPU
		{423D916D-DEB6-4AAA-97D0-ACB1590FCDA8}.AppStore|x64.Build.0 = Release|Any CPU
		{423D916D-DEB6-4AAA-97D0-ACB1590FCDA8}.AppStore|x86.ActiveCfg = Release|Any CPU
		{423D916D-DEB6-4AAA-97D0-ACB1590FCDA8}.AppStore|x86.Build.0 = Release|Any CPU
		{423D916D-DEB6-4AAA-97D0-ACB1590FCDA8}.Debug|Any CPU.ActiveCfg = Debug|Any CPU
		{423D916D-DEB6-4AAA-97D0-ACB1590FCDA8}.Debug|Any CPU.Build.0 = Debug|Any CPU
		{423D916D-DEB6-4AAA-97D0-ACB1590FCDA8}.Debug|ARM.ActiveCfg = Debug|Any CPU
		{423D916D-DEB6-4AAA-97D0-ACB1590FCDA8}.Debug|ARM.Build.0 = Debug|Any CPU
		{423D916D-DEB6-4AAA-97D0-ACB1590FCDA8}.Debug|iPhone.ActiveCfg = Debug|Any CPU
		{423D916D-DEB6-4AAA-97D0-ACB1590FCDA8}.Debug|iPhone.Build.0 = Debug|Any CPU
		{423D916D-DEB6-4AAA-97D0-ACB1590FCDA8}.Debug|iPhoneSimulator.ActiveCfg = Debug|Any CPU
		{423D916D-DEB6-4AAA-97D0-ACB1590FCDA8}.Debug|iPhoneSimulator.Build.0 = Debug|Any CPU
		{423D916D-DEB6-4AAA-97D0-ACB1590FCDA8}.Debug|x64.ActiveCfg = Debug|Any CPU
		{423D916D-DEB6-4AAA-97D0-ACB1590FCDA8}.Debug|x64.Build.0 = Debug|Any CPU
		{423D916D-DEB6-4AAA-97D0-ACB1590FCDA8}.Debug|x86.ActiveCfg = Debug|Any CPU
		{423D916D-DEB6-4AAA-97D0-ACB1590FCDA8}.Debug|x86.Build.0 = Debug|Any CPU
		{423D916D-DEB6-4AAA-97D0-ACB1590FCDA8}.Release|Any CPU.ActiveCfg = Release|Any CPU
		{423D916D-DEB6-4AAA-97D0-ACB1590FCDA8}.Release|Any CPU.Build.0 = Release|Any CPU
		{423D916D-DEB6-4AAA-97D0-ACB1590FCDA8}.Release|ARM.ActiveCfg = Release|Any CPU
		{423D916D-DEB6-4AAA-97D0-ACB1590FCDA8}.Release|ARM.Build.0 = Release|Any CPU
		{423D916D-DEB6-4AAA-97D0-ACB1590FCDA8}.Release|iPhone.ActiveCfg = Release|Any CPU
		{423D916D-DEB6-4AAA-97D0-ACB1590FCDA8}.Release|iPhone.Build.0 = Release|Any CPU
		{423D916D-DEB6-4AAA-97D0-ACB1590FCDA8}.Release|iPhoneSimulator.ActiveCfg = Release|Any CPU
		{423D916D-DEB6-4AAA-97D0-ACB1590FCDA8}.Release|iPhoneSimulator.Build.0 = Release|Any CPU
		{423D916D-DEB6-4AAA-97D0-ACB1590FCDA8}.Release|x64.ActiveCfg = Release|Any CPU
		{423D916D-DEB6-4AAA-97D0-ACB1590FCDA8}.Release|x64.Build.0 = Release|Any CPU
		{423D916D-DEB6-4AAA-97D0-ACB1590FCDA8}.Release|x86.ActiveCfg = Release|Any CPU
		{423D916D-DEB6-4AAA-97D0-ACB1590FCDA8}.Release|x86.Build.0 = Release|Any CPU
		{4A491C76-E4FD-4346-A898-520D32CAFAF6}.Ad-Hoc|Any CPU.ActiveCfg = Ad-Hoc|iPhone
		{4A491C76-E4FD-4346-A898-520D32CAFAF6}.Ad-Hoc|ARM.ActiveCfg = Ad-Hoc|iPhone
		{4A491C76-E4FD-4346-A898-520D32CAFAF6}.Ad-Hoc|iPhone.ActiveCfg = Ad-Hoc|iPhone
		{4A491C76-E4FD-4346-A898-520D32CAFAF6}.Ad-Hoc|iPhone.Build.0 = Ad-Hoc|iPhone
		{4A491C76-E4FD-4346-A898-520D32CAFAF6}.Ad-Hoc|iPhoneSimulator.ActiveCfg = Ad-Hoc|iPhoneSimulator
		{4A491C76-E4FD-4346-A898-520D32CAFAF6}.Ad-Hoc|iPhoneSimulator.Build.0 = Ad-Hoc|iPhoneSimulator
		{4A491C76-E4FD-4346-A898-520D32CAFAF6}.Ad-Hoc|x64.ActiveCfg = Ad-Hoc|iPhone
		{4A491C76-E4FD-4346-A898-520D32CAFAF6}.Ad-Hoc|x86.ActiveCfg = Ad-Hoc|iPhone
		{4A491C76-E4FD-4346-A898-520D32CAFAF6}.AppStore|Any CPU.ActiveCfg = AppStore|iPhone
		{4A491C76-E4FD-4346-A898-520D32CAFAF6}.AppStore|ARM.ActiveCfg = AppStore|iPhone
		{4A491C76-E4FD-4346-A898-520D32CAFAF6}.AppStore|iPhone.ActiveCfg = AppStore|iPhone
		{4A491C76-E4FD-4346-A898-520D32CAFAF6}.AppStore|iPhone.Build.0 = AppStore|iPhone
		{4A491C76-E4FD-4346-A898-520D32CAFAF6}.AppStore|iPhoneSimulator.ActiveCfg = AppStore|iPhoneSimulator
		{4A491C76-E4FD-4346-A898-520D32CAFAF6}.AppStore|iPhoneSimulator.Build.0 = AppStore|iPhoneSimulator
		{4A491C76-E4FD-4346-A898-520D32CAFAF6}.AppStore|x64.ActiveCfg = AppStore|iPhone
		{4A491C76-E4FD-4346-A898-520D32CAFAF6}.AppStore|x86.ActiveCfg = AppStore|iPhone
		{4A491C76-E4FD-4346-A898-520D32CAFAF6}.Debug|Any CPU.ActiveCfg = Debug|iPhone
		{4A491C76-E4FD-4346-A898-520D32CAFAF6}.Debug|ARM.ActiveCfg = Debug|iPhone
		{4A491C76-E4FD-4346-A898-520D32CAFAF6}.Debug|iPhone.ActiveCfg = Debug|iPhone
		{4A491C76-E4FD-4346-A898-520D32CAFAF6}.Debug|iPhone.Build.0 = Debug|iPhone
		{4A491C76-E4FD-4346-A898-520D32CAFAF6}.Debug|iPhoneSimulator.ActiveCfg = Debug|iPhoneSimulator
		{4A491C76-E4FD-4346-A898-520D32CAFAF6}.Debug|iPhoneSimulator.Build.0 = Debug|iPhoneSimulator
		{4A491C76-E4FD-4346-A898-520D32CAFAF6}.Debug|x64.ActiveCfg = Debug|iPhone
		{4A491C76-E4FD-4346-A898-520D32CAFAF6}.Debug|x86.ActiveCfg = Debug|iPhone
		{4A491C76-E4FD-4346-A898-520D32CAFAF6}.Release|Any CPU.ActiveCfg = Release|iPhone
		{4A491C76-E4FD-4346-A898-520D32CAFAF6}.Release|ARM.ActiveCfg = Release|iPhone
		{4A491C76-E4FD-4346-A898-520D32CAFAF6}.Release|iPhone.ActiveCfg = Release|iPhone
		{4A491C76-E4FD-4346-A898-520D32CAFAF6}.Release|iPhone.Build.0 = Release|iPhone
		{4A491C76-E4FD-4346-A898-520D32CAFAF6}.Release|iPhoneSimulator.ActiveCfg = Release|iPhoneSimulator
		{4A491C76-E4FD-4346-A898-520D32CAFAF6}.Release|iPhoneSimulator.Build.0 = Release|iPhoneSimulator
		{4A491C76-E4FD-4346-A898-520D32CAFAF6}.Release|x64.ActiveCfg = Release|iPhone
		{4A491C76-E4FD-4346-A898-520D32CAFAF6}.Release|x86.ActiveCfg = Release|iPhone
		{69AA8F77-46F3-41F5-8800-17D2E91B0845}.Ad-Hoc|Any CPU.ActiveCfg = Release|x86
		{69AA8F77-46F3-41F5-8800-17D2E91B0845}.Ad-Hoc|Any CPU.Build.0 = Release|x86
		{69AA8F77-46F3-41F5-8800-17D2E91B0845}.Ad-Hoc|Any CPU.Deploy.0 = Release|x86
		{69AA8F77-46F3-41F5-8800-17D2E91B0845}.Ad-Hoc|ARM.ActiveCfg = Release|ARM
		{69AA8F77-46F3-41F5-8800-17D2E91B0845}.Ad-Hoc|ARM.Build.0 = Release|ARM
		{69AA8F77-46F3-41F5-8800-17D2E91B0845}.Ad-Hoc|ARM.Deploy.0 = Release|ARM
		{69AA8F77-46F3-41F5-8800-17D2E91B0845}.Ad-Hoc|iPhone.ActiveCfg = Release|x86
		{69AA8F77-46F3-41F5-8800-17D2E91B0845}.Ad-Hoc|iPhone.Build.0 = Release|x86
		{69AA8F77-46F3-41F5-8800-17D2E91B0845}.Ad-Hoc|iPhone.Deploy.0 = Release|x86
		{69AA8F77-46F3-41F5-8800-17D2E91B0845}.Ad-Hoc|iPhoneSimulator.ActiveCfg = Release|x86
		{69AA8F77-46F3-41F5-8800-17D2E91B0845}.Ad-Hoc|iPhoneSimulator.Build.0 = Release|x86
		{69AA8F77-46F3-41F5-8800-17D2E91B0845}.Ad-Hoc|iPhoneSimulator.Deploy.0 = Release|x86
		{69AA8F77-46F3-41F5-8800-17D2E91B0845}.Ad-Hoc|x64.ActiveCfg = Release|x64
		{69AA8F77-46F3-41F5-8800-17D2E91B0845}.Ad-Hoc|x64.Build.0 = Release|x64
		{69AA8F77-46F3-41F5-8800-17D2E91B0845}.Ad-Hoc|x64.Deploy.0 = Release|x64
		{69AA8F77-46F3-41F5-8800-17D2E91B0845}.Ad-Hoc|x86.ActiveCfg = Release|x86
		{69AA8F77-46F3-41F5-8800-17D2E91B0845}.Ad-Hoc|x86.Build.0 = Release|x86
		{69AA8F77-46F3-41F5-8800-17D2E91B0845}.Ad-Hoc|x86.Deploy.0 = Release|x86
		{69AA8F77-46F3-41F5-8800-17D2E91B0845}.AppStore|Any CPU.ActiveCfg = Release|x86
		{69AA8F77-46F3-41F5-8800-17D2E91B0845}.AppStore|Any CPU.Build.0 = Release|x86
		{69AA8F77-46F3-41F5-8800-17D2E91B0845}.AppStore|Any CPU.Deploy.0 = Release|x86
		{69AA8F77-46F3-41F5-8800-17D2E91B0845}.AppStore|ARM.ActiveCfg = Release|ARM
		{69AA8F77-46F3-41F5-8800-17D2E91B0845}.AppStore|ARM.Build.0 = Release|ARM
		{69AA8F77-46F3-41F5-8800-17D2E91B0845}.AppStore|ARM.Deploy.0 = Release|ARM
		{69AA8F77-46F3-41F5-8800-17D2E91B0845}.AppStore|iPhone.ActiveCfg = Release|x86
		{69AA8F77-46F3-41F5-8800-17D2E91B0845}.AppStore|iPhone.Build.0 = Release|x86
		{69AA8F77-46F3-41F5-8800-17D2E91B0845}.AppStore|iPhone.Deploy.0 = Release|x86
		{69AA8F77-46F3-41F5-8800-17D2E91B0845}.AppStore|iPhoneSimulator.ActiveCfg = Release|x86
		{69AA8F77-46F3-41F5-8800-17D2E91B0845}.AppStore|iPhoneSimulator.Build.0 = Release|x86
		{69AA8F77-46F3-41F5-8800-17D2E91B0845}.AppStore|iPhoneSimulator.Deploy.0 = Release|x86
		{69AA8F77-46F3-41F5-8800-17D2E91B0845}.AppStore|x64.ActiveCfg = Release|x64
		{69AA8F77-46F3-41F5-8800-17D2E91B0845}.AppStore|x64.Build.0 = Release|x64
		{69AA8F77-46F3-41F5-8800-17D2E91B0845}.AppStore|x64.Deploy.0 = Release|x64
		{69AA8F77-46F3-41F5-8800-17D2E91B0845}.AppStore|x86.ActiveCfg = Release|x86
		{69AA8F77-46F3-41F5-8800-17D2E91B0845}.AppStore|x86.Build.0 = Release|x86
		{69AA8F77-46F3-41F5-8800-17D2E91B0845}.AppStore|x86.Deploy.0 = Release|x86
		{69AA8F77-46F3-41F5-8800-17D2E91B0845}.Debug|Any CPU.ActiveCfg = Debug|x86
		{69AA8F77-46F3-41F5-8800-17D2E91B0845}.Debug|ARM.ActiveCfg = Debug|ARM
		{69AA8F77-46F3-41F5-8800-17D2E91B0845}.Debug|ARM.Build.0 = Debug|ARM
		{69AA8F77-46F3-41F5-8800-17D2E91B0845}.Debug|ARM.Deploy.0 = Debug|ARM
		{69AA8F77-46F3-41F5-8800-17D2E91B0845}.Debug|iPhone.ActiveCfg = Debug|x86
		{69AA8F77-46F3-41F5-8800-17D2E91B0845}.Debug|iPhoneSimulator.ActiveCfg = Debug|x86
		{69AA8F77-46F3-41F5-8800-17D2E91B0845}.Debug|x64.ActiveCfg = Debug|x64
		{69AA8F77-46F3-41F5-8800-17D2E91B0845}.Debug|x64.Build.0 = Debug|x64
		{69AA8F77-46F3-41F5-8800-17D2E91B0845}.Debug|x64.Deploy.0 = Debug|x64
		{69AA8F77-46F3-41F5-8800-17D2E91B0845}.Debug|x86.ActiveCfg = Debug|x86
		{69AA8F77-46F3-41F5-8800-17D2E91B0845}.Debug|x86.Build.0 = Debug|x86
		{69AA8F77-46F3-41F5-8800-17D2E91B0845}.Debug|x86.Deploy.0 = Debug|x86
		{69AA8F77-46F3-41F5-8800-17D2E91B0845}.Release|Any CPU.ActiveCfg = Release|x86
		{69AA8F77-46F3-41F5-8800-17D2E91B0845}.Release|ARM.ActiveCfg = Release|ARM
		{69AA8F77-46F3-41F5-8800-17D2E91B0845}.Release|ARM.Build.0 = Release|ARM
		{69AA8F77-46F3-41F5-8800-17D2E91B0845}.Release|ARM.Deploy.0 = Release|ARM
		{69AA8F77-46F3-41F5-8800-17D2E91B0845}.Release|iPhone.ActiveCfg = Release|x86
		{69AA8F77-46F3-41F5-8800-17D2E91B0845}.Release|iPhoneSimulator.ActiveCfg = Release|x86
		{69AA8F77-46F3-41F5-8800-17D2E91B0845}.Release|x64.ActiveCfg = Release|x64
		{69AA8F77-46F3-41F5-8800-17D2E91B0845}.Release|x64.Build.0 = Release|x64
		{69AA8F77-46F3-41F5-8800-17D2E91B0845}.Release|x64.Deploy.0 = Release|x64
		{69AA8F77-46F3-41F5-8800-17D2E91B0845}.Release|x86.ActiveCfg = Release|x86
		{69AA8F77-46F3-41F5-8800-17D2E91B0845}.Release|x86.Build.0 = Release|x86
		{69AA8F77-46F3-41F5-8800-17D2E91B0845}.Release|x86.Deploy.0 = Release|x86
		{3B781DD2-9761-44C6-AAD9-9834A4CA0F02}.Ad-Hoc|Any CPU.ActiveCfg = Debug|Any CPU
		{3B781DD2-9761-44C6-AAD9-9834A4CA0F02}.Ad-Hoc|Any CPU.Build.0 = Debug|Any CPU
		{3B781DD2-9761-44C6-AAD9-9834A4CA0F02}.Ad-Hoc|ARM.ActiveCfg = Debug|Any CPU
		{3B781DD2-9761-44C6-AAD9-9834A4CA0F02}.Ad-Hoc|ARM.Build.0 = Debug|Any CPU
		{3B781DD2-9761-44C6-AAD9-9834A4CA0F02}.Ad-Hoc|iPhone.ActiveCfg = Debug|Any CPU
		{3B781DD2-9761-44C6-AAD9-9834A4CA0F02}.Ad-Hoc|iPhone.Build.0 = Debug|Any CPU
		{3B781DD2-9761-44C6-AAD9-9834A4CA0F02}.Ad-Hoc|iPhoneSimulator.ActiveCfg = Debug|Any CPU
		{3B781DD2-9761-44C6-AAD9-9834A4CA0F02}.Ad-Hoc|iPhoneSimulator.Build.0 = Debug|Any CPU
		{3B781DD2-9761-44C6-AAD9-9834A4CA0F02}.Ad-Hoc|x64.ActiveCfg = Debug|Any CPU
		{3B781DD2-9761-44C6-AAD9-9834A4CA0F02}.Ad-Hoc|x64.Build.0 = Debug|Any CPU
		{3B781DD2-9761-44C6-AAD9-9834A4CA0F02}.Ad-Hoc|x86.ActiveCfg = Debug|Any CPU
		{3B781DD2-9761-44C6-AAD9-9834A4CA0F02}.Ad-Hoc|x86.Build.0 = Debug|Any CPU
		{3B781DD2-9761-44C6-AAD9-9834A4CA0F02}.AppStore|Any CPU.ActiveCfg = Debug|Any CPU
		{3B781DD2-9761-44C6-AAD9-9834A4CA0F02}.AppStore|Any CPU.Build.0 = Debug|Any CPU
		{3B781DD2-9761-44C6-AAD9-9834A4CA0F02}.AppStore|ARM.ActiveCfg = Debug|Any CPU
		{3B781DD2-9761-44C6-AAD9-9834A4CA0F02}.AppStore|ARM.Build.0 = Debug|Any CPU
		{3B781DD2-9761-44C6-AAD9-9834A4CA0F02}.AppStore|iPhone.ActiveCfg = Debug|Any CPU
		{3B781DD2-9761-44C6-AAD9-9834A4CA0F02}.AppStore|iPhone.Build.0 = Debug|Any CPU
		{3B781DD2-9761-44C6-AAD9-9834A4CA0F02}.AppStore|iPhoneSimulator.ActiveCfg = Debug|Any CPU
		{3B781DD2-9761-44C6-AAD9-9834A4CA0F02}.AppStore|iPhoneSimulator.Build.0 = Debug|Any CPU
		{3B781DD2-9761-44C6-AAD9-9834A4CA0F02}.AppStore|x64.ActiveCfg = Debug|Any CPU
		{3B781DD2-9761-44C6-AAD9-9834A4CA0F02}.AppStore|x64.Build.0 = Debug|Any CPU
		{3B781DD2-9761-44C6-AAD9-9834A4CA0F02}.AppStore|x86.ActiveCfg = Debug|Any CPU
		{3B781DD2-9761-44C6-AAD9-9834A4CA0F02}.AppStore|x86.Build.0 = Debug|Any CPU
		{3B781DD2-9761-44C6-AAD9-9834A4CA0F02}.Debug|Any CPU.ActiveCfg = Debug|Any CPU
		{3B781DD2-9761-44C6-AAD9-9834A4CA0F02}.Debug|Any CPU.Build.0 = Debug|Any CPU
		{3B781DD2-9761-44C6-AAD9-9834A4CA0F02}.Debug|ARM.ActiveCfg = Debug|Any CPU
		{3B781DD2-9761-44C6-AAD9-9834A4CA0F02}.Debug|ARM.Build.0 = Debug|Any CPU
		{3B781DD2-9761-44C6-AAD9-9834A4CA0F02}.Debug|iPhone.ActiveCfg = Debug|Any CPU
		{3B781DD2-9761-44C6-AAD9-9834A4CA0F02}.Debug|iPhone.Build.0 = Debug|Any CPU
		{3B781DD2-9761-44C6-AAD9-9834A4CA0F02}.Debug|iPhoneSimulator.ActiveCfg = Debug|Any CPU
		{3B781DD2-9761-44C6-AAD9-9834A4CA0F02}.Debug|iPhoneSimulator.Build.0 = Debug|Any CPU
		{3B781DD2-9761-44C6-AAD9-9834A4CA0F02}.Debug|x64.ActiveCfg = Debug|Any CPU
		{3B781DD2-9761-44C6-AAD9-9834A4CA0F02}.Debug|x64.Build.0 = Debug|Any CPU
		{3B781DD2-9761-44C6-AAD9-9834A4CA0F02}.Debug|x86.ActiveCfg = Debug|Any CPU
		{3B781DD2-9761-44C6-AAD9-9834A4CA0F02}.Debug|x86.Build.0 = Debug|Any CPU
		{3B781DD2-9761-44C6-AAD9-9834A4CA0F02}.Release|Any CPU.ActiveCfg = Release|Any CPU
		{3B781DD2-9761-44C6-AAD9-9834A4CA0F02}.Release|Any CPU.Build.0 = Release|Any CPU
		{3B781DD2-9761-44C6-AAD9-9834A4CA0F02}.Release|ARM.ActiveCfg = Release|Any CPU
		{3B781DD2-9761-44C6-AAD9-9834A4CA0F02}.Release|ARM.Build.0 = Release|Any CPU
		{3B781DD2-9761-44C6-AAD9-9834A4CA0F02}.Release|iPhone.ActiveCfg = Release|Any CPU
		{3B781DD2-9761-44C6-AAD9-9834A4CA0F02}.Release|iPhone.Build.0 = Release|Any CPU
		{3B781DD2-9761-44C6-AAD9-9834A4CA0F02}.Release|iPhoneSimulator.ActiveCfg = Release|Any CPU
		{3B781DD2-9761-44C6-AAD9-9834A4CA0F02}.Release|iPhoneSimulator.Build.0 = Release|Any CPU
		{3B781DD2-9761-44C6-AAD9-9834A4CA0F02}.Release|x64.ActiveCfg = Release|Any CPU
		{3B781DD2-9761-44C6-AAD9-9834A4CA0F02}.Release|x64.Build.0 = Release|Any CPU
		{3B781DD2-9761-44C6-AAD9-9834A4CA0F02}.Release|x86.ActiveCfg = Release|Any CPU
		{3B781DD2-9761-44C6-AAD9-9834A4CA0F02}.Release|x86.Build.0 = Release|Any CPU
		{F6E28199-DAA8-49E0-8194-1909C647F935}.Ad-Hoc|Any CPU.ActiveCfg = Release|Any CPU
		{F6E28199-DAA8-49E0-8194-1909C647F935}.Ad-Hoc|Any CPU.Build.0 = Release|Any CPU
		{F6E28199-DAA8-49E0-8194-1909C647F935}.Ad-Hoc|Any CPU.Deploy.0 = Release|Any CPU
		{F6E28199-DAA8-49E0-8194-1909C647F935}.Ad-Hoc|ARM.ActiveCfg = Release|Any CPU
		{F6E28199-DAA8-49E0-8194-1909C647F935}.Ad-Hoc|ARM.Build.0 = Release|Any CPU
		{F6E28199-DAA8-49E0-8194-1909C647F935}.Ad-Hoc|ARM.Deploy.0 = Release|Any CPU
		{F6E28199-DAA8-49E0-8194-1909C647F935}.Ad-Hoc|iPhone.ActiveCfg = Release|Any CPU
		{F6E28199-DAA8-49E0-8194-1909C647F935}.Ad-Hoc|iPhone.Build.0 = Release|Any CPU
		{F6E28199-DAA8-49E0-8194-1909C647F935}.Ad-Hoc|iPhone.Deploy.0 = Release|Any CPU
		{F6E28199-DAA8-49E0-8194-1909C647F935}.Ad-Hoc|iPhoneSimulator.ActiveCfg = Release|Any CPU
		{F6E28199-DAA8-49E0-8194-1909C647F935}.Ad-Hoc|iPhoneSimulator.Build.0 = Release|Any CPU
		{F6E28199-DAA8-49E0-8194-1909C647F935}.Ad-Hoc|iPhoneSimulator.Deploy.0 = Release|Any CPU
		{F6E28199-DAA8-49E0-8194-1909C647F935}.Ad-Hoc|x64.ActiveCfg = Release|Any CPU
		{F6E28199-DAA8-49E0-8194-1909C647F935}.Ad-Hoc|x64.Build.0 = Release|Any CPU
		{F6E28199-DAA8-49E0-8194-1909C647F935}.Ad-Hoc|x64.Deploy.0 = Release|Any CPU
		{F6E28199-DAA8-49E0-8194-1909C647F935}.Ad-Hoc|x86.ActiveCfg = Release|Any CPU
		{F6E28199-DAA8-49E0-8194-1909C647F935}.Ad-Hoc|x86.Build.0 = Release|Any CPU
		{F6E28199-DAA8-49E0-8194-1909C647F935}.Ad-Hoc|x86.Deploy.0 = Release|Any CPU
		{F6E28199-DAA8-49E0-8194-1909C647F935}.AppStore|Any CPU.ActiveCfg = Release|Any CPU
		{F6E28199-DAA8-49E0-8194-1909C647F935}.AppStore|Any CPU.Build.0 = Release|Any CPU
		{F6E28199-DAA8-49E0-8194-1909C647F935}.AppStore|Any CPU.Deploy.0 = Release|Any CPU
		{F6E28199-DAA8-49E0-8194-1909C647F935}.AppStore|ARM.ActiveCfg = Release|Any CPU
		{F6E28199-DAA8-49E0-8194-1909C647F935}.AppStore|ARM.Build.0 = Release|Any CPU
		{F6E28199-DAA8-49E0-8194-1909C647F935}.AppStore|ARM.Deploy.0 = Release|Any CPU
		{F6E28199-DAA8-49E0-8194-1909C647F935}.AppStore|iPhone.ActiveCfg = Release|Any CPU
		{F6E28199-DAA8-49E0-8194-1909C647F935}.AppStore|iPhone.Build.0 = Release|Any CPU
		{F6E28199-DAA8-49E0-8194-1909C647F935}.AppStore|iPhone.Deploy.0 = Release|Any CPU
		{F6E28199-DAA8-49E0-8194-1909C647F935}.AppStore|iPhoneSimulator.ActiveCfg = Release|Any CPU
		{F6E28199-DAA8-49E0-8194-1909C647F935}.AppStore|iPhoneSimulator.Build.0 = Release|Any CPU
		{F6E28199-DAA8-49E0-8194-1909C647F935}.AppStore|iPhoneSimulator.Deploy.0 = Release|Any CPU
		{F6E28199-DAA8-49E0-8194-1909C647F935}.AppStore|x64.ActiveCfg = Release|Any CPU
		{F6E28199-DAA8-49E0-8194-1909C647F935}.AppStore|x64.Build.0 = Release|Any CPU
		{F6E28199-DAA8-49E0-8194-1909C647F935}.AppStore|x64.Deploy.0 = Release|Any CPU
		{F6E28199-DAA8-49E0-8194-1909C647F935}.AppStore|x86.ActiveCfg = Release|Any CPU
		{F6E28199-DAA8-49E0-8194-1909C647F935}.AppStore|x86.Build.0 = Release|Any CPU
		{F6E28199-DAA8-49E0-8194-1909C647F935}.AppStore|x86.Deploy.0 = Release|Any CPU
		{F6E28199-DAA8-49E0-8194-1909C647F935}.Debug|Any CPU.ActiveCfg = Debug|Any CPU
		{F6E28199-DAA8-49E0-8194-1909C647F935}.Debug|Any CPU.Build.0 = Debug|Any CPU
		{F6E28199-DAA8-49E0-8194-1909C647F935}.Debug|Any CPU.Deploy.0 = Debug|Any CPU
		{F6E28199-DAA8-49E0-8194-1909C647F935}.Debug|ARM.ActiveCfg = Debug|Any CPU
		{F6E28199-DAA8-49E0-8194-1909C647F935}.Debug|ARM.Build.0 = Debug|Any CPU
		{F6E28199-DAA8-49E0-8194-1909C647F935}.Debug|ARM.Deploy.0 = Debug|Any CPU
		{F6E28199-DAA8-49E0-8194-1909C647F935}.Debug|iPhone.ActiveCfg = Debug|Any CPU
		{F6E28199-DAA8-49E0-8194-1909C647F935}.Debug|iPhone.Build.0 = Debug|Any CPU
		{F6E28199-DAA8-49E0-8194-1909C647F935}.Debug|iPhone.Deploy.0 = Debug|Any CPU
		{F6E28199-DAA8-49E0-8194-1909C647F935}.Debug|iPhoneSimulator.ActiveCfg = Debug|Any CPU
		{F6E28199-DAA8-49E0-8194-1909C647F935}.Debug|iPhoneSimulator.Build.0 = Debug|Any CPU
		{F6E28199-DAA8-49E0-8194-1909C647F935}.Debug|iPhoneSimulator.Deploy.0 = Debug|Any CPU
		{F6E28199-DAA8-49E0-8194-1909C647F935}.Debug|x64.ActiveCfg = Debug|Any CPU
		{F6E28199-DAA8-49E0-8194-1909C647F935}.Debug|x64.Build.0 = Debug|Any CPU
		{F6E28199-DAA8-49E0-8194-1909C647F935}.Debug|x64.Deploy.0 = Debug|Any CPU
		{F6E28199-DAA8-49E0-8194-1909C647F935}.Debug|x86.ActiveCfg = Debug|Any CPU
		{F6E28199-DAA8-49E0-8194-1909C647F935}.Debug|x86.Build.0 = Debug|Any CPU
		{F6E28199-DAA8-49E0-8194-1909C647F935}.Debug|x86.Deploy.0 = Debug|Any CPU
		{F6E28199-DAA8-49E0-8194-1909C647F935}.Release|Any CPU.ActiveCfg = Release|Any CPU
		{F6E28199-DAA8-49E0-8194-1909C647F935}.Release|Any CPU.Build.0 = Release|Any CPU
		{F6E28199-DAA8-49E0-8194-1909C647F935}.Release|Any CPU.Deploy.0 = Release|Any CPU
		{F6E28199-DAA8-49E0-8194-1909C647F935}.Release|ARM.ActiveCfg = Release|Any CPU
		{F6E28199-DAA8-49E0-8194-1909C647F935}.Release|ARM.Build.0 = Release|Any CPU
		{F6E28199-DAA8-49E0-8194-1909C647F935}.Release|ARM.Deploy.0 = Release|Any CPU
		{F6E28199-DAA8-49E0-8194-1909C647F935}.Release|iPhone.ActiveCfg = Release|Any CPU
		{F6E28199-DAA8-49E0-8194-1909C647F935}.Release|iPhone.Build.0 = Release|Any CPU
		{F6E28199-DAA8-49E0-8194-1909C647F935}.Release|iPhone.Deploy.0 = Release|Any CPU
		{F6E28199-DAA8-49E0-8194-1909C647F935}.Release|iPhoneSimulator.ActiveCfg = Release|Any CPU
		{F6E28199-DAA8-49E0-8194-1909C647F935}.Release|iPhoneSimulator.Build.0 = Release|Any CPU
		{F6E28199-DAA8-49E0-8194-1909C647F935}.Release|iPhoneSimulator.Deploy.0 = Release|Any CPU
		{F6E28199-DAA8-49E0-8194-1909C647F935}.Release|x64.ActiveCfg = Release|Any CPU
		{F6E28199-DAA8-49E0-8194-1909C647F935}.Release|x64.Build.0 = Release|Any CPU
		{F6E28199-DAA8-49E0-8194-1909C647F935}.Release|x64.Deploy.0 = Release|Any CPU
		{F6E28199-DAA8-49E0-8194-1909C647F935}.Release|x86.ActiveCfg = Release|Any CPU
		{F6E28199-DAA8-49E0-8194-1909C647F935}.Release|x86.Build.0 = Release|Any CPU
		{F6E28199-DAA8-49E0-8194-1909C647F935}.Release|x86.Deploy.0 = Release|Any CPU
		{A4FAD5A8-D135-4733-916E-EB9C0FBE8298}.Ad-Hoc|Any CPU.ActiveCfg = Ad-Hoc|iPhone
		{A4FAD5A8-D135-4733-916E-EB9C0FBE8298}.Ad-Hoc|ARM.ActiveCfg = Ad-Hoc|iPhone
		{A4FAD5A8-D135-4733-916E-EB9C0FBE8298}.Ad-Hoc|iPhone.ActiveCfg = Ad-Hoc|iPhone
		{A4FAD5A8-D135-4733-916E-EB9C0FBE8298}.Ad-Hoc|iPhone.Build.0 = Ad-Hoc|iPhone
		{A4FAD5A8-D135-4733-916E-EB9C0FBE8298}.Ad-Hoc|iPhoneSimulator.ActiveCfg = Ad-Hoc|iPhoneSimulator
		{A4FAD5A8-D135-4733-916E-EB9C0FBE8298}.Ad-Hoc|iPhoneSimulator.Build.0 = Ad-Hoc|iPhoneSimulator
		{A4FAD5A8-D135-4733-916E-EB9C0FBE8298}.Ad-Hoc|x64.ActiveCfg = Ad-Hoc|iPhone
		{A4FAD5A8-D135-4733-916E-EB9C0FBE8298}.Ad-Hoc|x86.ActiveCfg = Ad-Hoc|iPhone
		{A4FAD5A8-D135-4733-916E-EB9C0FBE8298}.AppStore|Any CPU.ActiveCfg = AppStore|iPhone
		{A4FAD5A8-D135-4733-916E-EB9C0FBE8298}.AppStore|ARM.ActiveCfg = AppStore|iPhone
		{A4FAD5A8-D135-4733-916E-EB9C0FBE8298}.AppStore|iPhone.ActiveCfg = AppStore|iPhone
		{A4FAD5A8-D135-4733-916E-EB9C0FBE8298}.AppStore|iPhone.Build.0 = AppStore|iPhone
		{A4FAD5A8-D135-4733-916E-EB9C0FBE8298}.AppStore|iPhoneSimulator.ActiveCfg = AppStore|iPhoneSimulator
		{A4FAD5A8-D135-4733-916E-EB9C0FBE8298}.AppStore|iPhoneSimulator.Build.0 = AppStore|iPhoneSimulator
		{A4FAD5A8-D135-4733-916E-EB9C0FBE8298}.AppStore|x64.ActiveCfg = AppStore|iPhone
		{A4FAD5A8-D135-4733-916E-EB9C0FBE8298}.AppStore|x86.ActiveCfg = AppStore|iPhone
		{A4FAD5A8-D135-4733-916E-EB9C0FBE8298}.Debug|Any CPU.ActiveCfg = Debug|iPhone
		{A4FAD5A8-D135-4733-916E-EB9C0FBE8298}.Debug|ARM.ActiveCfg = Debug|iPhone
		{A4FAD5A8-D135-4733-916E-EB9C0FBE8298}.Debug|iPhone.ActiveCfg = Debug|iPhone
		{A4FAD5A8-D135-4733-916E-EB9C0FBE8298}.Debug|iPhone.Build.0 = Debug|iPhone
		{A4FAD5A8-D135-4733-916E-EB9C0FBE8298}.Debug|iPhoneSimulator.ActiveCfg = Debug|iPhoneSimulator
		{A4FAD5A8-D135-4733-916E-EB9C0FBE8298}.Debug|iPhoneSimulator.Build.0 = Debug|iPhoneSimulator
		{A4FAD5A8-D135-4733-916E-EB9C0FBE8298}.Debug|x64.ActiveCfg = Debug|iPhone
		{A4FAD5A8-D135-4733-916E-EB9C0FBE8298}.Debug|x86.ActiveCfg = Debug|iPhone
		{A4FAD5A8-D135-4733-916E-EB9C0FBE8298}.Release|Any CPU.ActiveCfg = Release|iPhone
		{A4FAD5A8-D135-4733-916E-EB9C0FBE8298}.Release|ARM.ActiveCfg = Release|iPhone
		{A4FAD5A8-D135-4733-916E-EB9C0FBE8298}.Release|iPhone.ActiveCfg = Release|iPhone
		{A4FAD5A8-D135-4733-916E-EB9C0FBE8298}.Release|iPhone.Build.0 = Release|iPhone
		{A4FAD5A8-D135-4733-916E-EB9C0FBE8298}.Release|iPhoneSimulator.ActiveCfg = Release|iPhoneSimulator
		{A4FAD5A8-D135-4733-916E-EB9C0FBE8298}.Release|iPhoneSimulator.Build.0 = Release|iPhoneSimulator
		{A4FAD5A8-D135-4733-916E-EB9C0FBE8298}.Release|x64.ActiveCfg = Release|iPhone
		{A4FAD5A8-D135-4733-916E-EB9C0FBE8298}.Release|x86.ActiveCfg = Release|iPhone
		{7162C937-715B-417B-A2F9-FDF56C96DF21}.Ad-Hoc|Any CPU.ActiveCfg = Release|x86
		{7162C937-715B-417B-A2F9-FDF56C96DF21}.Ad-Hoc|Any CPU.Build.0 = Release|x86
		{7162C937-715B-417B-A2F9-FDF56C96DF21}.Ad-Hoc|Any CPU.Deploy.0 = Release|x86
		{7162C937-715B-417B-A2F9-FDF56C96DF21}.Ad-Hoc|ARM.ActiveCfg = Release|ARM
		{7162C937-715B-417B-A2F9-FDF56C96DF21}.Ad-Hoc|ARM.Build.0 = Release|ARM
		{7162C937-715B-417B-A2F9-FDF56C96DF21}.Ad-Hoc|ARM.Deploy.0 = Release|ARM
		{7162C937-715B-417B-A2F9-FDF56C96DF21}.Ad-Hoc|iPhone.ActiveCfg = Release|x86
		{7162C937-715B-417B-A2F9-FDF56C96DF21}.Ad-Hoc|iPhone.Build.0 = Release|x86
		{7162C937-715B-417B-A2F9-FDF56C96DF21}.Ad-Hoc|iPhone.Deploy.0 = Release|x86
		{7162C937-715B-417B-A2F9-FDF56C96DF21}.Ad-Hoc|iPhoneSimulator.ActiveCfg = Release|x86
		{7162C937-715B-417B-A2F9-FDF56C96DF21}.Ad-Hoc|iPhoneSimulator.Build.0 = Release|x86
		{7162C937-715B-417B-A2F9-FDF56C96DF21}.Ad-Hoc|iPhoneSimulator.Deploy.0 = Release|x86
		{7162C937-715B-417B-A2F9-FDF56C96DF21}.Ad-Hoc|x64.ActiveCfg = Release|x64
		{7162C937-715B-417B-A2F9-FDF56C96DF21}.Ad-Hoc|x64.Build.0 = Release|x64
		{7162C937-715B-417B-A2F9-FDF56C96DF21}.Ad-Hoc|x64.Deploy.0 = Release|x64
		{7162C937-715B-417B-A2F9-FDF56C96DF21}.Ad-Hoc|x86.ActiveCfg = Release|x86
		{7162C937-715B-417B-A2F9-FDF56C96DF21}.Ad-Hoc|x86.Build.0 = Release|x86
		{7162C937-715B-417B-A2F9-FDF56C96DF21}.Ad-Hoc|x86.Deploy.0 = Release|x86
		{7162C937-715B-417B-A2F9-FDF56C96DF21}.AppStore|Any CPU.ActiveCfg = Release|x86
		{7162C937-715B-417B-A2F9-FDF56C96DF21}.AppStore|Any CPU.Build.0 = Release|x86
		{7162C937-715B-417B-A2F9-FDF56C96DF21}.AppStore|Any CPU.Deploy.0 = Release|x86
		{7162C937-715B-417B-A2F9-FDF56C96DF21}.AppStore|ARM.ActiveCfg = Release|ARM
		{7162C937-715B-417B-A2F9-FDF56C96DF21}.AppStore|ARM.Build.0 = Release|ARM
		{7162C937-715B-417B-A2F9-FDF56C96DF21}.AppStore|ARM.Deploy.0 = Release|ARM
		{7162C937-715B-417B-A2F9-FDF56C96DF21}.AppStore|iPhone.ActiveCfg = Release|x86
		{7162C937-715B-417B-A2F9-FDF56C96DF21}.AppStore|iPhone.Build.0 = Release|x86
		{7162C937-715B-417B-A2F9-FDF56C96DF21}.AppStore|iPhone.Deploy.0 = Release|x86
		{7162C937-715B-417B-A2F9-FDF56C96DF21}.AppStore|iPhoneSimulator.ActiveCfg = Release|x86
		{7162C937-715B-417B-A2F9-FDF56C96DF21}.AppStore|iPhoneSimulator.Build.0 = Release|x86
		{7162C937-715B-417B-A2F9-FDF56C96DF21}.AppStore|iPhoneSimulator.Deploy.0 = Release|x86
		{7162C937-715B-417B-A2F9-FDF56C96DF21}.AppStore|x64.ActiveCfg = Release|x64
		{7162C937-715B-417B-A2F9-FDF56C96DF21}.AppStore|x64.Build.0 = Release|x64
		{7162C937-715B-417B-A2F9-FDF56C96DF21}.AppStore|x64.Deploy.0 = Release|x64
		{7162C937-715B-417B-A2F9-FDF56C96DF21}.AppStore|x86.ActiveCfg = Release|x86
		{7162C937-715B-417B-A2F9-FDF56C96DF21}.AppStore|x86.Build.0 = Release|x86
		{7162C937-715B-417B-A2F9-FDF56C96DF21}.AppStore|x86.Deploy.0 = Release|x86
		{7162C937-715B-417B-A2F9-FDF56C96DF21}.Debug|Any CPU.ActiveCfg = Debug|x86
		{7162C937-715B-417B-A2F9-FDF56C96DF21}.Debug|ARM.ActiveCfg = Debug|ARM
		{7162C937-715B-417B-A2F9-FDF56C96DF21}.Debug|ARM.Build.0 = Debug|ARM
		{7162C937-715B-417B-A2F9-FDF56C96DF21}.Debug|ARM.Deploy.0 = Debug|ARM
		{7162C937-715B-417B-A2F9-FDF56C96DF21}.Debug|iPhone.ActiveCfg = Debug|x86
		{7162C937-715B-417B-A2F9-FDF56C96DF21}.Debug|iPhoneSimulator.ActiveCfg = Debug|x86
		{7162C937-715B-417B-A2F9-FDF56C96DF21}.Debug|x64.ActiveCfg = Debug|x64
		{7162C937-715B-417B-A2F9-FDF56C96DF21}.Debug|x64.Build.0 = Debug|x64
		{7162C937-715B-417B-A2F9-FDF56C96DF21}.Debug|x64.Deploy.0 = Debug|x64
		{7162C937-715B-417B-A2F9-FDF56C96DF21}.Debug|x86.ActiveCfg = Debug|x86
		{7162C937-715B-417B-A2F9-FDF56C96DF21}.Debug|x86.Build.0 = Debug|x86
		{7162C937-715B-417B-A2F9-FDF56C96DF21}.Debug|x86.Deploy.0 = Debug|x86
		{7162C937-715B-417B-A2F9-FDF56C96DF21}.Release|Any CPU.ActiveCfg = Release|x86
		{7162C937-715B-417B-A2F9-FDF56C96DF21}.Release|ARM.ActiveCfg = Release|ARM
		{7162C937-715B-417B-A2F9-FDF56C96DF21}.Release|ARM.Build.0 = Release|ARM
		{7162C937-715B-417B-A2F9-FDF56C96DF21}.Release|ARM.Deploy.0 = Release|ARM
		{7162C937-715B-417B-A2F9-FDF56C96DF21}.Release|iPhone.ActiveCfg = Release|x86
		{7162C937-715B-417B-A2F9-FDF56C96DF21}.Release|iPhoneSimulator.ActiveCfg = Release|x86
		{7162C937-715B-417B-A2F9-FDF56C96DF21}.Release|x64.ActiveCfg = Release|x64
		{7162C937-715B-417B-A2F9-FDF56C96DF21}.Release|x64.Build.0 = Release|x64
		{7162C937-715B-417B-A2F9-FDF56C96DF21}.Release|x64.Deploy.0 = Release|x64
		{7162C937-715B-417B-A2F9-FDF56C96DF21}.Release|x86.ActiveCfg = Release|x86
		{7162C937-715B-417B-A2F9-FDF56C96DF21}.Release|x86.Build.0 = Release|x86
		{7162C937-715B-417B-A2F9-FDF56C96DF21}.Release|x86.Deploy.0 = Release|x86
		{C874C267-1A90-48D6-AAE9-9490EB4B0F0C}.Ad-Hoc|Any CPU.ActiveCfg = Release|Any CPU
		{C874C267-1A90-48D6-AAE9-9490EB4B0F0C}.Ad-Hoc|Any CPU.Build.0 = Release|Any CPU
		{C874C267-1A90-48D6-AAE9-9490EB4B0F0C}.Ad-Hoc|ARM.ActiveCfg = Release|Any CPU
		{C874C267-1A90-48D6-AAE9-9490EB4B0F0C}.Ad-Hoc|ARM.Build.0 = Release|Any CPU
		{C874C267-1A90-48D6-AAE9-9490EB4B0F0C}.Ad-Hoc|iPhone.ActiveCfg = Release|Any CPU
		{C874C267-1A90-48D6-AAE9-9490EB4B0F0C}.Ad-Hoc|iPhone.Build.0 = Release|Any CPU
		{C874C267-1A90-48D6-AAE9-9490EB4B0F0C}.Ad-Hoc|iPhoneSimulator.ActiveCfg = Release|Any CPU
		{C874C267-1A90-48D6-AAE9-9490EB4B0F0C}.Ad-Hoc|iPhoneSimulator.Build.0 = Release|Any CPU
		{C874C267-1A90-48D6-AAE9-9490EB4B0F0C}.Ad-Hoc|x64.ActiveCfg = Release|Any CPU
		{C874C267-1A90-48D6-AAE9-9490EB4B0F0C}.Ad-Hoc|x64.Build.0 = Release|Any CPU
		{C874C267-1A90-48D6-AAE9-9490EB4B0F0C}.Ad-Hoc|x86.ActiveCfg = Release|Any CPU
		{C874C267-1A90-48D6-AAE9-9490EB4B0F0C}.Ad-Hoc|x86.Build.0 = Release|Any CPU
		{C874C267-1A90-48D6-AAE9-9490EB4B0F0C}.AppStore|Any CPU.ActiveCfg = Release|Any CPU
		{C874C267-1A90-48D6-AAE9-9490EB4B0F0C}.AppStore|Any CPU.Build.0 = Release|Any CPU
		{C874C267-1A90-48D6-AAE9-9490EB4B0F0C}.AppStore|ARM.ActiveCfg = Release|Any CPU
		{C874C267-1A90-48D6-AAE9-9490EB4B0F0C}.AppStore|ARM.Build.0 = Release|Any CPU
		{C874C267-1A90-48D6-AAE9-9490EB4B0F0C}.AppStore|iPhone.ActiveCfg = Release|Any CPU
		{C874C267-1A90-48D6-AAE9-9490EB4B0F0C}.AppStore|iPhone.Build.0 = Release|Any CPU
		{C874C267-1A90-48D6-AAE9-9490EB4B0F0C}.AppStore|iPhoneSimulator.ActiveCfg = Release|Any CPU
		{C874C267-1A90-48D6-AAE9-9490EB4B0F0C}.AppStore|iPhoneSimulator.Build.0 = Release|Any CPU
		{C874C267-1A90-48D6-AAE9-9490EB4B0F0C}.AppStore|x64.ActiveCfg = Release|Any CPU
		{C874C267-1A90-48D6-AAE9-9490EB4B0F0C}.AppStore|x64.Build.0 = Release|Any CPU
		{C874C267-1A90-48D6-AAE9-9490EB4B0F0C}.AppStore|x86.ActiveCfg = Release|Any CPU
		{C874C267-1A90-48D6-AAE9-9490EB4B0F0C}.AppStore|x86.Build.0 = Release|Any CPU
		{C874C267-1A90-48D6-AAE9-9490EB4B0F0C}.Debug|Any CPU.ActiveCfg = Debug|Any CPU
		{C874C267-1A90-48D6-AAE9-9490EB4B0F0C}.Debug|Any CPU.Build.0 = Debug|Any CPU
		{C874C267-1A90-48D6-AAE9-9490EB4B0F0C}.Debug|ARM.ActiveCfg = Debug|Any CPU
		{C874C267-1A90-48D6-AAE9-9490EB4B0F0C}.Debug|ARM.Build.0 = Debug|Any CPU
		{C874C267-1A90-48D6-AAE9-9490EB4B0F0C}.Debug|iPhone.ActiveCfg = Debug|Any CPU
		{C874C267-1A90-48D6-AAE9-9490EB4B0F0C}.Debug|iPhone.Build.0 = Debug|Any CPU
		{C874C267-1A90-48D6-AAE9-9490EB4B0F0C}.Debug|iPhoneSimulator.ActiveCfg = Debug|Any CPU
		{C874C267-1A90-48D6-AAE9-9490EB4B0F0C}.Debug|iPhoneSimulator.Build.0 = Debug|Any CPU
		{C874C267-1A90-48D6-AAE9-9490EB4B0F0C}.Debug|x64.ActiveCfg = Debug|Any CPU
		{C874C267-1A90-48D6-AAE9-9490EB4B0F0C}.Debug|x64.Build.0 = Debug|Any CPU
		{C874C267-1A90-48D6-AAE9-9490EB4B0F0C}.Debug|x86.ActiveCfg = Debug|Any CPU
		{C874C267-1A90-48D6-AAE9-9490EB4B0F0C}.Debug|x86.Build.0 = Debug|Any CPU
		{C874C267-1A90-48D6-AAE9-9490EB4B0F0C}.Release|Any CPU.ActiveCfg = Release|Any CPU
		{C874C267-1A90-48D6-AAE9-9490EB4B0F0C}.Release|Any CPU.Build.0 = Release|Any CPU
		{C874C267-1A90-48D6-AAE9-9490EB4B0F0C}.Release|ARM.ActiveCfg = Release|Any CPU
		{C874C267-1A90-48D6-AAE9-9490EB4B0F0C}.Release|ARM.Build.0 = Release|Any CPU
		{C874C267-1A90-48D6-AAE9-9490EB4B0F0C}.Release|iPhone.ActiveCfg = Release|Any CPU
		{C874C267-1A90-48D6-AAE9-9490EB4B0F0C}.Release|iPhone.Build.0 = Release|Any CPU
		{C874C267-1A90-48D6-AAE9-9490EB4B0F0C}.Release|iPhoneSimulator.ActiveCfg = Release|Any CPU
		{C874C267-1A90-48D6-AAE9-9490EB4B0F0C}.Release|iPhoneSimulator.Build.0 = Release|Any CPU
		{C874C267-1A90-48D6-AAE9-9490EB4B0F0C}.Release|x64.ActiveCfg = Release|Any CPU
		{C874C267-1A90-48D6-AAE9-9490EB4B0F0C}.Release|x64.Build.0 = Release|Any CPU
		{C874C267-1A90-48D6-AAE9-9490EB4B0F0C}.Release|x86.ActiveCfg = Release|Any CPU
		{C874C267-1A90-48D6-AAE9-9490EB4B0F0C}.Release|x86.Build.0 = Release|Any CPU
		{82E8C8D3-D2AD-4321-8419-D2560A193876}.Ad-Hoc|Any CPU.ActiveCfg = Release|x64
		{82E8C8D3-D2AD-4321-8419-D2560A193876}.Ad-Hoc|Any CPU.Build.0 = Release|x64
		{82E8C8D3-D2AD-4321-8419-D2560A193876}.Ad-Hoc|Any CPU.Deploy.0 = Release|x64
		{82E8C8D3-D2AD-4321-8419-D2560A193876}.Ad-Hoc|ARM.ActiveCfg = Release|ARM
		{82E8C8D3-D2AD-4321-8419-D2560A193876}.Ad-Hoc|ARM.Build.0 = Release|ARM
		{82E8C8D3-D2AD-4321-8419-D2560A193876}.Ad-Hoc|ARM.Deploy.0 = Release|ARM
		{82E8C8D3-D2AD-4321-8419-D2560A193876}.Ad-Hoc|iPhone.ActiveCfg = Release|x64
		{82E8C8D3-D2AD-4321-8419-D2560A193876}.Ad-Hoc|iPhone.Build.0 = Release|x64
		{82E8C8D3-D2AD-4321-8419-D2560A193876}.Ad-Hoc|iPhone.Deploy.0 = Release|x64
		{82E8C8D3-D2AD-4321-8419-D2560A193876}.Ad-Hoc|iPhoneSimulator.ActiveCfg = Release|x64
		{82E8C8D3-D2AD-4321-8419-D2560A193876}.Ad-Hoc|iPhoneSimulator.Build.0 = Release|x64
		{82E8C8D3-D2AD-4321-8419-D2560A193876}.Ad-Hoc|iPhoneSimulator.Deploy.0 = Release|x64
		{82E8C8D3-D2AD-4321-8419-D2560A193876}.Ad-Hoc|x64.ActiveCfg = Release|x64
		{82E8C8D3-D2AD-4321-8419-D2560A193876}.Ad-Hoc|x64.Build.0 = Release|x64
		{82E8C8D3-D2AD-4321-8419-D2560A193876}.Ad-Hoc|x64.Deploy.0 = Release|x64
		{82E8C8D3-D2AD-4321-8419-D2560A193876}.Ad-Hoc|x86.ActiveCfg = Release|x86
		{82E8C8D3-D2AD-4321-8419-D2560A193876}.Ad-Hoc|x86.Build.0 = Release|x86
		{82E8C8D3-D2AD-4321-8419-D2560A193876}.Ad-Hoc|x86.Deploy.0 = Release|x86
		{82E8C8D3-D2AD-4321-8419-D2560A193876}.AppStore|Any CPU.ActiveCfg = Release|x64
		{82E8C8D3-D2AD-4321-8419-D2560A193876}.AppStore|Any CPU.Build.0 = Release|x64
		{82E8C8D3-D2AD-4321-8419-D2560A193876}.AppStore|Any CPU.Deploy.0 = Release|x64
		{82E8C8D3-D2AD-4321-8419-D2560A193876}.AppStore|ARM.ActiveCfg = Release|ARM
		{82E8C8D3-D2AD-4321-8419-D2560A193876}.AppStore|ARM.Build.0 = Release|ARM
		{82E8C8D3-D2AD-4321-8419-D2560A193876}.AppStore|ARM.Deploy.0 = Release|ARM
		{82E8C8D3-D2AD-4321-8419-D2560A193876}.AppStore|iPhone.ActiveCfg = Release|x64
		{82E8C8D3-D2AD-4321-8419-D2560A193876}.AppStore|iPhone.Build.0 = Release|x64
		{82E8C8D3-D2AD-4321-8419-D2560A193876}.AppStore|iPhone.Deploy.0 = Release|x64
		{82E8C8D3-D2AD-4321-8419-D2560A193876}.AppStore|iPhoneSimulator.ActiveCfg = Release|x64
		{82E8C8D3-D2AD-4321-8419-D2560A193876}.AppStore|iPhoneSimulator.Build.0 = Release|x64
		{82E8C8D3-D2AD-4321-8419-D2560A193876}.AppStore|iPhoneSimulator.Deploy.0 = Release|x64
		{82E8C8D3-D2AD-4321-8419-D2560A193876}.AppStore|x64.ActiveCfg = Release|x64
		{82E8C8D3-D2AD-4321-8419-D2560A193876}.AppStore|x64.Build.0 = Release|x64
		{82E8C8D3-D2AD-4321-8419-D2560A193876}.AppStore|x64.Deploy.0 = Release|x64
		{82E8C8D3-D2AD-4321-8419-D2560A193876}.AppStore|x86.ActiveCfg = Release|x86
		{82E8C8D3-D2AD-4321-8419-D2560A193876}.AppStore|x86.Build.0 = Release|x86
		{82E8C8D3-D2AD-4321-8419-D2560A193876}.AppStore|x86.Deploy.0 = Release|x86
		{82E8C8D3-D2AD-4321-8419-D2560A193876}.Debug|Any CPU.ActiveCfg = Debug|x86
		{82E8C8D3-D2AD-4321-8419-D2560A193876}.Debug|ARM.ActiveCfg = Debug|ARM
		{82E8C8D3-D2AD-4321-8419-D2560A193876}.Debug|ARM.Build.0 = Debug|ARM
		{82E8C8D3-D2AD-4321-8419-D2560A193876}.Debug|ARM.Deploy.0 = Debug|ARM
		{82E8C8D3-D2AD-4321-8419-D2560A193876}.Debug|iPhone.ActiveCfg = Debug|x86
		{82E8C8D3-D2AD-4321-8419-D2560A193876}.Debug|iPhoneSimulator.ActiveCfg = Debug|x86
		{82E8C8D3-D2AD-4321-8419-D2560A193876}.Debug|x64.ActiveCfg = Debug|x64
		{82E8C8D3-D2AD-4321-8419-D2560A193876}.Debug|x64.Build.0 = Debug|x64
		{82E8C8D3-D2AD-4321-8419-D2560A193876}.Debug|x64.Deploy.0 = Debug|x64
		{82E8C8D3-D2AD-4321-8419-D2560A193876}.Debug|x86.ActiveCfg = Debug|x86
		{82E8C8D3-D2AD-4321-8419-D2560A193876}.Debug|x86.Build.0 = Debug|x86
		{82E8C8D3-D2AD-4321-8419-D2560A193876}.Debug|x86.Deploy.0 = Debug|x86
		{82E8C8D3-D2AD-4321-8419-D2560A193876}.Release|Any CPU.ActiveCfg = Release|x86
		{82E8C8D3-D2AD-4321-8419-D2560A193876}.Release|ARM.ActiveCfg = Release|ARM
		{82E8C8D3-D2AD-4321-8419-D2560A193876}.Release|ARM.Build.0 = Release|ARM
		{82E8C8D3-D2AD-4321-8419-D2560A193876}.Release|ARM.Deploy.0 = Release|ARM
		{82E8C8D3-D2AD-4321-8419-D2560A193876}.Release|iPhone.ActiveCfg = Release|x86
		{82E8C8D3-D2AD-4321-8419-D2560A193876}.Release|iPhoneSimulator.ActiveCfg = Release|x86
		{82E8C8D3-D2AD-4321-8419-D2560A193876}.Release|x64.ActiveCfg = Release|x64
		{82E8C8D3-D2AD-4321-8419-D2560A193876}.Release|x64.Build.0 = Release|x64
		{82E8C8D3-D2AD-4321-8419-D2560A193876}.Release|x64.Deploy.0 = Release|x64
		{82E8C8D3-D2AD-4321-8419-D2560A193876}.Release|x86.ActiveCfg = Release|x86
		{82E8C8D3-D2AD-4321-8419-D2560A193876}.Release|x86.Build.0 = Release|x86
		{82E8C8D3-D2AD-4321-8419-D2560A193876}.Release|x86.Deploy.0 = Release|x86
	EndGlobalSection
	GlobalSection(SolutionProperties) = preSolution
		HideSolutionNode = FALSE
	EndGlobalSection
	GlobalSection(ExtensibilityGlobals) = postSolution
		SolutionGuid = {821191B2-3FBE-4B2B-9FDB-53CD25A92135}
	EndGlobalSection
EndGlobal
